
Microsoft Visual Studio Solution File, Format Version 12.00
# Visual Studio Version 17
VisualStudioVersion = 17.8.34525.116
MinimumVisualStudioVersion = 10.0.40219.1
Project("{FAE04EC0-301F-11D3-BF4B-00C04F79EFBC}") = "libOpeParcial1", "libOpeParcial1\libOpeParcial1.csproj", "{7B0D97DE-091B-4C64-BCDC-74B39068BDAE}"
EndProject
Global
	GlobalSection(SolutionConfigurationPlatforms) = preSolution
		Debug|Any CPU = Debug|Any CPU
		Release|Any CPU = Release|Any CPU
	EndGlobalSection
	GlobalSection(ProjectConfigurationPlatforms) = postSolution
		{7B0D97DE-091B-4C64-BCDC-74B39068BDAE}.Debug|Any CPU.ActiveCfg = Debug|Any CPU
		{7B0D97DE-091B-4C64-BCDC-74B39068BDAE}.Debug|Any CPU.Build.0 = Debug|Any CPU
		{7B0D97DE-091B-4C64-BCDC-74B39068BDAE}.Release|Any CPU.ActiveCfg = Release|Any CPU
		{7B0D97DE-091B-4C64-BCDC-74B39068BDAE}.Release|Any CPU.Build.0 = Release|Any CPU
	EndGlobalSection
	GlobalSection(SolutionProperties) = preSolution
		HideSolutionNode = FALSE
	EndGlobalSection
	GlobalSection(ExtensibilityGlobals) = postSolution
		SolutionGuid = {A7328955-14D3-43BD-BC5E-DDCB333F5D1A}
	EndGlobalSection
EndGlobal
